
Microsoft Visual Studio Solution File, Format Version 12.00
# Visual Studio Version 17
VisualStudioVersion = 17.1.32228.430
MinimumVisualStudioVersion = 10.0.40219.1
Project("{FAE04EC0-301F-11D3-BF4B-00C04F79EFBC}") = "Dimensionar", "Dimensionar\Dimensionar.csproj", "{DB50FFA3-EC74-467E-9EDE-666CA194A7AE}"
EndProject
Global
	GlobalSection(SolutionConfigurationPlatforms) = preSolution
		Debug|Any CPU = Debug|Any CPU
		Release|Any CPU = Release|Any CPU
	EndGlobalSection
	GlobalSection(ProjectConfigurationPlatforms) = postSolution
		{DB50FFA3-EC74-467E-9EDE-666CA194A7AE}.Debug|Any CPU.ActiveCfg = Debug|Any CPU
		{DB50FFA3-EC74-467E-9EDE-666CA194A7AE}.Debug|Any CPU.Build.0 = Debug|Any CPU
		{DB50FFA3-EC74-467E-9EDE-666CA194A7AE}.Release|Any CPU.ActiveCfg = Release|Any CPU
		{DB50FFA3-EC74-467E-9EDE-666CA194A7AE}.Release|Any CPU.Build.0 = Release|Any CPU
	EndGlobalSection
	GlobalSection(SolutionProperties) = preSolution
		HideSolutionNode = FALSE
	EndGlobalSection
	GlobalSection(ExtensibilityGlobals) = postSolution
		SolutionGuid = {35B5F7E1-4521-42FC-AA7A-B1E292A56CD8}
	EndGlobalSection
EndGlobal
